
Microsoft Visual Studio Solution File, Format Version 12.00
# Visual Studio Version 17
VisualStudioVersion = 17.14.36310.24 d17.14
MinimumVisualStudioVersion = 10.0.40219.1
Project("{FAE04EC0-301F-11D3-BF4B-00C04F79EFBC}") = "WebShopApp2", "WebShopApp2\WebShopApp2.csproj", "{359D2752-69E8-4F74-9D28-0AC0F61AE803}"
EndProject
Project("{FAE04EC0-301F-11D3-BF4B-00C04F79EFBC}") = "WebShopApp.Infrastructure", "WebShopApp.Infrastructure\WebShopApp.Infrastructure.csproj", "{804955D1-59FF-4602-AB2C-5C28393A3035}"
EndProject
Global
	GlobalSection(SolutionConfigurationPlatforms) = preSolution
		Debug|Any CPU = Debug|Any CPU
		Release|Any CPU = Release|Any CPU
	EndGlobalSection
	GlobalSection(ProjectConfigurationPlatforms) = postSolution
		{359D2752-69E8-4F74-9D28-0AC0F61AE803}.Debug|Any CPU.ActiveCfg = Debug|Any CPU
		{359D2752-69E8-4F74-9D28-0AC0F61AE803}.Debug|Any CPU.Build.0 = Debug|Any CPU
		{359D2752-69E8-4F74-9D28-0AC0F61AE803}.Release|Any CPU.ActiveCfg = Release|Any CPU
		{359D2752-69E8-4F74-9D28-0AC0F61AE803}.Release|Any CPU.Build.0 = Release|Any CPU
		{804955D1-59FF-4602-AB2C-5C28393A3035}.Debug|Any CPU.ActiveCfg = Debug|Any CPU
		{804955D1-59FF-4602-AB2C-5C28393A3035}.Debug|Any CPU.Build.0 = Debug|Any CPU
		{804955D1-59FF-4602-AB2C-5C28393A3035}.Release|Any CPU.ActiveCfg = Release|Any CPU
		{804955D1-59FF-4602-AB2C-5C28393A3035}.Release|Any CPU.Build.0 = Release|Any CPU
	EndGlobalSection
	GlobalSection(SolutionProperties) = preSolution
		HideSolutionNode = FALSE
	EndGlobalSection
	GlobalSection(ExtensibilityGlobals) = postSolution
		SolutionGuid = {0E6C7A9E-1906-4813-BA70-BA249F3F0CEE}
	EndGlobalSection
EndGlobal
